{
  "nodes": {
    "nixpkgs": {
      "locked": {
        "lastModified": 1764590786,
        "narHash": "sha256-axHqTPpWWCfoRPAHTCFvghWAy3NEvR9Fr3Hq9zzGQQo=",
        "owner": "NixOS",
        "repo": "nixpkgs",
        "rev": "9e722b415a6e269f29b0115db1bd73380ea84b05",
        "type": "github"
      },
      "original": {
        "owner": "NixOS",
        "repo": "nixpkgs",
        "type": "github"
      }
    },
    "root": {
      "inputs": {
        "nixpkgs": "nixpkgs"
      }
    }
  },
  "root": "root",
  "version": 7
}
